
Microsoft Visual Studio Solution File, Format Version 12.00
# Visual Studio Version 17
VisualStudioVersion = 17.11.35017.193
MinimumVisualStudioVersion = 10.0.40219.1
Project("{9A19103F-16F7-4668-BE54-9A1E7A4F7556}") = "MudCeramWorkshop.Client", "MudCeramWorkshop.Client\MudCeramWorkshop.Client.csproj", "{9EB6B573-B5ED-4FFE-9B2B-EC3427E5AB15}"
EndProject
Project("{9A19103F-16F7-4668-BE54-9A1E7A4F7556}") = "MudCeramWorkshop.Data.Domain", "MudCeramWorkshop.Data.Domain\MudCeramWorkshop.Data.Domain.csproj", "{44AE3FE8-703E-4B9F-9FBA-10A354172355}"
EndProject
Project("{9A19103F-16F7-4668-BE54-9A1E7A4F7556}") = "MudCeramWorkshop.Data.Repository", "MudCeramWorkshop.Data.Repository\MudCeramWorkshop.Data.Repository.csproj", "{49629159-9F2C-4848-B583-385AADE67B6D}"
EndProject
Project("{FAE04EC0-301F-11D3-BF4B-00C04F79EFBC}") = "MudCeramWorkshop.Data.Identity", "MudCeramWorkshop.Data.Identity\MudCeramWorkshop.Data.Identity.csproj", "{B7146DEF-FCC1-482D-8CBA-C8918FB708BF}"
EndProject
Global
	GlobalSection(SolutionConfigurationPlatforms) = preSolution
		Debug|Any CPU = Debug|Any CPU
		Release|Any CPU = Release|Any CPU
	EndGlobalSection
	GlobalSection(ProjectConfigurationPlatforms) = postSolution
		{9EB6B573-B5ED-4FFE-9B2B-EC3427E5AB15}.Debug|Any CPU.ActiveCfg = Debug|Any CPU
		{9EB6B573-B5ED-4FFE-9B2B-EC3427E5AB15}.Debug|Any CPU.Build.0 = Debug|Any CPU
		{9EB6B573-B5ED-4FFE-9B2B-EC3427E5AB15}.Release|Any CPU.ActiveCfg = Release|Any CPU
		{9EB6B573-B5ED-4FFE-9B2B-EC3427E5AB15}.Release|Any CPU.Build.0 = Release|Any CPU
		{44AE3FE8-703E-4B9F-9FBA-10A354172355}.Debug|Any CPU.ActiveCfg = Debug|Any CPU
		{44AE3FE8-703E-4B9F-9FBA-10A354172355}.Debug|Any CPU.Build.0 = Debug|Any CPU
		{44AE3FE8-703E-4B9F-9FBA-10A354172355}.Release|Any CPU.ActiveCfg = Release|Any CPU
		{44AE3FE8-703E-4B9F-9FBA-10A354172355}.Release|Any CPU.Build.0 = Release|Any CPU
		{49629159-9F2C-4848-B583-385AADE67B6D}.Debug|Any CPU.ActiveCfg = Debug|Any CPU
		{49629159-9F2C-4848-B583-385AADE67B6D}.Debug|Any CPU.Build.0 = Debug|Any CPU
		{49629159-9F2C-4848-B583-385AADE67B6D}.Release|Any CPU.ActiveCfg = Release|Any CPU
		{49629159-9F2C-4848-B583-385AADE67B6D}.Release|Any CPU.Build.0 = Release|Any CPU
		{B7146DEF-FCC1-482D-8CBA-C8918FB708BF}.Debug|Any CPU.ActiveCfg = Debug|Any CPU
		{B7146DEF-FCC1-482D-8CBA-C8918FB708BF}.Debug|Any CPU.Build.0 = Debug|Any CPU
		{B7146DEF-FCC1-482D-8CBA-C8918FB708BF}.Release|Any CPU.ActiveCfg = Release|Any CPU
		{B7146DEF-FCC1-482D-8CBA-C8918FB708BF}.Release|Any CPU.Build.0 = Release|Any CPU
	EndGlobalSection
	GlobalSection(SolutionProperties) = preSolution
		HideSolutionNode = FALSE
	EndGlobalSection
	GlobalSection(ExtensibilityGlobals) = postSolution
		SolutionGuid = {4D270C9D-8B5B-4D01-B4C0-A3CDF3EFDC26}
	EndGlobalSection
EndGlobal
